
Microsoft Visual Studio Solution File, Format Version 12.00
# Visual Studio Version 17
VisualStudioVersion = 17.8.34408.163
MinimumVisualStudioVersion = 10.0.40219.1
Project("{8BC9CEB8-8B4A-11D0-8D11-00A0C91BC942}") = "main_window", "main_window\main_window.vcxproj", "{B0E3DF4D-2518-4311-9333-0DCE6838E905}"
EndProject
Global
	GlobalSection(SolutionConfigurationPlatforms) = preSolution
		Debug|x64 = Debug|x64
		Release|x64 = Release|x64
	EndGlobalSection
	GlobalSection(ProjectConfigurationPlatforms) = postSolution
		{B0E3DF4D-2518-4311-9333-0DCE6838E905}.Debug|x64.ActiveCfg = Debug|x64
		{B0E3DF4D-2518-4311-9333-0DCE6838E905}.Debug|x64.Build.0 = Debug|x64
		{B0E3DF4D-2518-4311-9333-0DCE6838E905}.Release|x64.ActiveCfg = Release|x64
		{B0E3DF4D-2518-4311-9333-0DCE6838E905}.Release|x64.Build.0 = Release|x64
	EndGlobalSection
	GlobalSection(SolutionProperties) = preSolution
		HideSolutionNode = FALSE
	EndGlobalSection
	GlobalSection(ExtensibilityGlobals) = postSolution
		SolutionGuid = {F1A79778-58D5-42C6-BF60-9EA3E383EFD3}
	EndGlobalSection
EndGlobal
